
Microsoft Visual Studio Solution File, Format Version 12.00
# Visual Studio Version 16
VisualStudioVersion = 16.0.810.23
MinimumVisualStudioVersion = 10.0.40219.1
Project("{FAE04EC0-301F-11D3-BF4B-00C04F79EFBC}") = "TestProjectForFM", "TestProjectForFM\TestProjectForFM.csproj", "{7ABFDEA2-104F-45D4-A79B-0287AEEB6E9E}"
EndProject
Global
	GlobalSection(SolutionConfigurationPlatforms) = preSolution
		Debug|Any CPU = Debug|Any CPU
		Release|Any CPU = Release|Any CPU
	EndGlobalSection
	GlobalSection(ProjectConfigurationPlatforms) = postSolution
		{7ABFDEA2-104F-45D4-A79B-0287AEEB6E9E}.Debug|Any CPU.ActiveCfg = Debug|Any CPU
		{7ABFDEA2-104F-45D4-A79B-0287AEEB6E9E}.Debug|Any CPU.Build.0 = Debug|Any CPU
		{7ABFDEA2-104F-45D4-A79B-0287AEEB6E9E}.Release|Any CPU.ActiveCfg = Release|Any CPU
		{7ABFDEA2-104F-45D4-A79B-0287AEEB6E9E}.Release|Any CPU.Build.0 = Release|Any CPU
	EndGlobalSection
	GlobalSection(SolutionProperties) = preSolution
		HideSolutionNode = FALSE
	EndGlobalSection
	GlobalSection(ExtensibilityGlobals) = postSolution
		SolutionGuid = {360A2CAC-8C9D-424D-AAC6-056971B221C4}
	EndGlobalSection
EndGlobal
